
Microsoft Visual Studio Solution File, Format Version 12.00
# Visual Studio Version 17
VisualStudioVersion = 17.6.33801.468
MinimumVisualStudioVersion = 10.0.40219.1
Project("{FAE04EC0-301F-11D3-BF4B-00C04F79EFBC}") = "FilmHarbor.API", "FilmHarbor.API.csproj", "{D100B628-410D-4667-AAA8-9A4EDB95C631}"
EndProject
Global
	GlobalSection(SolutionConfigurationPlatforms) = preSolution
		Debug|Any CPU = Debug|Any CPU
		Release|Any CPU = Release|Any CPU
	EndGlobalSection
	GlobalSection(ProjectConfigurationPlatforms) = postSolution
		{D100B628-410D-4667-AAA8-9A4EDB95C631}.Debug|Any CPU.ActiveCfg = Debug|Any CPU
		{D100B628-410D-4667-AAA8-9A4EDB95C631}.Debug|Any CPU.Build.0 = Debug|Any CPU
		{D100B628-410D-4667-AAA8-9A4EDB95C631}.Release|Any CPU.ActiveCfg = Release|Any CPU
		{D100B628-410D-4667-AAA8-9A4EDB95C631}.Release|Any CPU.Build.0 = Release|Any CPU
	EndGlobalSection
	GlobalSection(SolutionProperties) = preSolution
		HideSolutionNode = FALSE
	EndGlobalSection
	GlobalSection(ExtensibilityGlobals) = postSolution
		SolutionGuid = {4A3F3720-2C4B-4BAE-9F30-3B030B2AB76E}
	EndGlobalSection
EndGlobal
